# This file is automatically @generated by Poetry 2.4.3 and should not be changed by hand.

[[package]]
name = "click"
version = "8.5.0"
description = "Composable command line interface toolkit"
optional = false
python-versions = ">=3.10"
groups = ["main"]
files = [
    {file = "click-8.5.0-py3-none-any.whl", hash = "sha256:255bc9599cf7748b4b1a446ccc735421bd08a2ae529a8b88597d3de5664ee360"},
    {file = "click-8.5.0.tar.gz", hash = "sha256:ba0d2089de75ea0310e2dde03160e6ca10009947fb95a182f9b54021bb272e34"},
]

[metadata]
lock-version = "2.1"
python-versions = ">=3.10"
content-hash = "217a5611e82d9e0a9cec3cc42ab3f1653984bcc3e8e4a62c238e09c18887e537"
